
Microsoft Visual Studio Solution File, Format Version 12.00
# Visual Studio Version 17
VisualStudioVersion = 17.14.36121.58 d17.14
MinimumVisualStudioVersion = 10.0.40219.1
Project("{FAE04EC0-301F-11D3-BF4B-00C04F79EFBC}") = "CO.API", "CO.API\CO.API.csproj", "{92109FB4-A959-4387-97A7-A6C1C7C73787}"
EndProject
Global
	GlobalSection(SolutionConfigurationPlatforms) = preSolution
		Debug|Any CPU = Debug|Any CPU
		Release|Any CPU = Release|Any CPU
	EndGlobalSection
	GlobalSection(ProjectConfigurationPlatforms) = postSolution
		{92109FB4-A959-4387-97A7-A6C1C7C73787}.Debug|Any CPU.ActiveCfg = Debug|Any CPU
		{92109FB4-A959-4387-97A7-A6C1C7C73787}.Debug|Any CPU.Build.0 = Debug|Any CPU
		{92109FB4-A959-4387-97A7-A6C1C7C73787}.Release|Any CPU.ActiveCfg = Release|Any CPU
		{92109FB4-A959-4387-97A7-A6C1C7C73787}.Release|Any CPU.Build.0 = Release|Any CPU
	EndGlobalSection
	GlobalSection(SolutionProperties) = preSolution
		HideSolutionNode = FALSE
	EndGlobalSection
	GlobalSection(ExtensibilityGlobals) = postSolution
		SolutionGuid = {02DB9832-08B0-481B-B550-79B5B62637AB}
	EndGlobalSection
EndGlobal
